
Microsoft Visual Studio Solution File, Format Version 12.00
# Visual Studio 15
VisualStudioVersion = 15.0.27130.2010
MinimumVisualStudioVersion = 10.0.40219.1
Project("{2150E333-8FDC-42A3-9474-1A3956D46DE8}") = "Data", "Data", "{4A4F685B-D52B-426B-B951-EC5F3FDC7899}"
EndProject
Project("{2150E333-8FDC-42A3-9474-1A3956D46DE8}") = "Business", "Business", "{94AD8AB5-016C-4F19-A50E-AD0A901E878B}"
EndProject
Project("{2150E333-8FDC-42A3-9474-1A3956D46DE8}") = "Web", "Web", "{3FDD5399-CE9A-48E9-938C-5B431C1E2242}"
EndProject
Project("{9A19103F-16F7-4668-BE54-9A1E7A4F7556}") = "UniversitySystem.Data", "Data\UniversitySystem.Data\UniversitySystem.Data.csproj", "{47D60C38-18C3-494A-89F4-42F8744C3AF3}"
EndProject
Project("{2150E333-8FDC-42A3-9474-1A3956D46DE8}") = "Tests", "Tests", "{AE7A1515-755C-42C9-ABD3-71FE2A6FE7B9}"
EndProject
Project("{9A19103F-16F7-4668-BE54-9A1E7A4F7556}") = "UniversitySystem.Data.Models", "Data\UniversitySystem.Data.Models\UniversitySystem.Data.Models.csproj", "{0E36A37E-3ED1-428D-8E0C-8575732BF0D6}"
EndProject
Project("{9A19103F-16F7-4668-BE54-9A1E7A4F7556}") = "UniversitySystem.Data.Repositories", "Data\UniversitySystem.Data.Repositories\UniversitySystem.Data.Repositories.csproj", "{48977D45-B0E6-4114-ACBB-314729B9B6BF}"
EndProject
Project("{9A19103F-16F7-4668-BE54-9A1E7A4F7556}") = "UniversitySystem.Web", "Web\UniversitySystem.Web\UniversitySystem.Web.csproj", "{D147D1E8-2607-450A-A90D-DC18D5FFDB16}"
EndProject
Project("{9A19103F-16F7-4668-BE54-9A1E7A4F7556}") = "UniversitySystem.Business.Services", "Business\UniversitySystem.Business.Services\UniversitySystem.Business.Services.csproj", "{FD1D9F8A-D678-4F1D-99C6-DCBD7B3748BB}"
EndProject
Project("{9A19103F-16F7-4668-BE54-9A1E7A4F7556}") = "UniversitySystem.Business.Services.Models", "Business\UniversitySystem.Business.Services.Models\UniversitySystem.Business.Services.Models.csproj", "{6255446F-67CF-4523-AE05-97956E893962}"
EndProject
Project("{2150E333-8FDC-42A3-9474-1A3956D46DE8}") = "Common", "Common", "{74193963-9775-485A-830B-53BEEECFC3B9}"
EndProject
Project("{FAE04EC0-301F-11D3-BF4B-00C04F79EFBC}") = "UniversitySystem.Common", "Common\UniversitySystem.Common\UniversitySystem.Common.csproj", "{9EF9EB5E-8C70-46DB-9A8D-28D05CD36D98}"
EndProject
Global
	GlobalSection(SolutionConfigurationPlatforms) = preSolution
		Debug|Any CPU = Debug|Any CPU
		Release|Any CPU = Release|Any CPU
	EndGlobalSection
	GlobalSection(ProjectConfigurationPlatforms) = postSolution
		{47D60C38-18C3-494A-89F4-42F8744C3AF3}.Debug|Any CPU.ActiveCfg = Debug|Any CPU
		{47D60C38-18C3-494A-89F4-42F8744C3AF3}.Debug|Any CPU.Build.0 = Debug|Any CPU
		{47D60C38-18C3-494A-89F4-42F8744C3AF3}.Release|Any CPU.ActiveCfg = Release|Any CPU
		{47D60C38-18C3-494A-89F4-42F8744C3AF3}.Release|Any CPU.Build.0 = Release|Any CPU
		{0E36A37E-3ED1-428D-8E0C-8575732BF0D6}.Debug|Any CPU.ActiveCfg = Debug|Any CPU
		{0E36A37E-3ED1-428D-8E0C-8575732BF0D6}.Debug|Any CPU.Build.0 = Debug|Any CPU
		{0E36A37E-3ED1-428D-8E0C-8575732BF0D6}.Release|Any CPU.ActiveCfg = Release|Any CPU
		{0E36A37E-3ED1-428D-8E0C-8575732BF0D6}.Release|Any CPU.Build.0 = Release|Any CPU
		{48977D45-B0E6-4114-ACBB-314729B9B6BF}.Debug|Any CPU.ActiveCfg = Debug|Any CPU
		{48977D45-B0E6-4114-ACBB-314729B9B6BF}.Debug|Any CPU.Build.0 = Debug|Any CPU
		{48977D45-B0E6-4114-ACBB-314729B9B6BF}.Release|Any CPU.ActiveCfg = Release|Any CPU
		{48977D45-B0E6-4114-ACBB-314729B9B6BF}.Release|Any CPU.Build.0 = Release|Any CPU
		{D147D1E8-2607-450A-A90D-DC18D5FFDB16}.Debug|Any CPU.ActiveCfg = Debug|Any CPU
		{D147D1E8-2607-450A-A90D-DC18D5FFDB16}.Debug|Any CPU.Build.0 = Debug|Any CPU
		{D147D1E8-2607-450A-A90D-DC18D5FFDB16}.Release|Any CPU.ActiveCfg = Release|Any CPU
		{D147D1E8-2607-450A-A90D-DC18D5FFDB16}.Release|Any CPU.Build.0 = Release|Any CPU
		{FD1D9F8A-D678-4F1D-99C6-DCBD7B3748BB}.Debug|Any CPU.ActiveCfg = Debug|Any CPU
		{FD1D9F8A-D678-4F1D-99C6-DCBD7B3748BB}.Debug|Any CPU.Build.0 = Debug|Any CPU
		{FD1D9F8A-D678-4F1D-99C6-DCBD7B3748BB}.Release|Any CPU.ActiveCfg = Release|Any CPU
		{FD1D9F8A-D678-4F1D-99C6-DCBD7B3748BB}.Release|Any CPU.Build.0 = Release|Any CPU
		{6255446F-67CF-4523-AE05-97956E893962}.Debug|Any CPU.ActiveCfg = Debug|Any CPU
		{6255446F-67CF-4523-AE05-97956E893962}.Debug|Any CPU.Build.0 = Debug|Any CPU
		{6255446F-67CF-4523-AE05-97956E893962}.Release|Any CPU.ActiveCfg = Release|Any CPU
		{6255446F-67CF-4523-AE05-97956E893962}.Release|Any CPU.Build.0 = Release|Any CPU
		{9EF9EB5E-8C70-46DB-9A8D-28D05CD36D98}.Debug|Any CPU.ActiveCfg = Debug|Any CPU
		{9EF9EB5E-8C70-46DB-9A8D-28D05CD36D98}.Debug|Any CPU.Build.0 = Debug|Any CPU
		{9EF9EB5E-8C70-46DB-9A8D-28D05CD36D98}.Release|Any CPU.ActiveCfg = Release|Any CPU
		{9EF9EB5E-8C70-46DB-9A8D-28D05CD36D98}.Release|Any CPU.Build.0 = Release|Any CPU
	EndGlobalSection
	GlobalSection(SolutionProperties) = preSolution
		HideSolutionNode = FALSE
	EndGlobalSection
	GlobalSection(NestedProjects) = preSolution
		{47D60C38-18C3-494A-89F4-42F8744C3AF3} = {4A4F685B-D52B-426B-B951-EC5F3FDC7899}
		{0E36A37E-3ED1-428D-8E0C-8575732BF0D6} = {4A4F685B-D52B-426B-B951-EC5F3FDC7899}
		{48977D45-B0E6-4114-ACBB-314729B9B6BF} = {4A4F685B-D52B-426B-B951-EC5F3FDC7899}
		{D147D1E8-2607-450A-A90D-DC18D5FFDB16} = {3FDD5399-CE9A-48E9-938C-5B431C1E2242}
		{FD1D9F8A-D678-4F1D-99C6-DCBD7B3748BB} = {94AD8AB5-016C-4F19-A50E-AD0A901E878B}
		{6255446F-67CF-4523-AE05-97956E893962} = {94AD8AB5-016C-4F19-A50E-AD0A901E878B}
		{9EF9EB5E-8C70-46DB-9A8D-28D05CD36D98} = {74193963-9775-485A-830B-53BEEECFC3B9}
	EndGlobalSection
	GlobalSection(ExtensibilityGlobals) = postSolution
		SolutionGuid = {2D336390-F91B-433C-9809-2AC4E81F6DA6}
	EndGlobalSection
EndGlobal
